
Microsoft Visual Studio Solution File, Format Version 12.00
# Visual Studio Version 17
VisualStudioVersion = 17.8.34330.188
MinimumVisualStudioVersion = 10.0.40219.1
Project("{9A19103F-16F7-4668-BE54-9A1E7A4F7556}") = "WebApi", "WebApi\WebApi.csproj", "{8D66BD0B-90C6-477F-B448-36369AC29F84}"
EndProject
Project("{9A19103F-16F7-4668-BE54-9A1E7A4F7556}") = "ApplicationBusiness", "ApplicationBusiness\ApplicationBusiness.csproj", "{0DEAE6BA-2209-46DC-8292-6F89641AB38E}"
EndProject
Project("{9A19103F-16F7-4668-BE54-9A1E7A4F7556}") = "EnterpriseBusiness", "EnterpriseBusiness\EnterpriseBusiness.csproj", "{1FFB3920-724C-4DF1-B1ED-D004F3EA4887}"
EndProject
Project("{9A19103F-16F7-4668-BE54-9A1E7A4F7556}") = "Infrastructure.Security", "Infrastructure.Security\Infrastructure.Security.csproj", "{AA0393C0-5C11-4C07-84FF-C83F5E4C0BEC}"
EndProject
Project("{9A19103F-16F7-4668-BE54-9A1E7A4F7556}") = "Infrastructure.SqlServer", "Infrastructure.SqlServer\Infrastructure.SqlServer.csproj", "{4557219E-CB5B-4C11-BD36-EF7C799EDF5A}"
EndProject
Project("{2150E333-8FDC-42A3-9474-1A3956D46DE8}") = "Tests", "Tests", "{B9E3033C-18E0-418D-A6C8-953F434B55A4}"
EndProject
Project("{FAE04EC0-301F-11D3-BF4B-00C04F79EFBC}") = "EnterpriseBusiness.Tests", "Tests\EnterpriseBusiness.Tests\EnterpriseBusiness.Tests.csproj", "{FD6AAE9A-F16E-4DCF-9096-505D37A1341E}"
EndProject
Project("{FAE04EC0-301F-11D3-BF4B-00C04F79EFBC}") = "ApplicationBusiness.Tests", "Tests\ApplicationBusiness.Tests\ApplicationBusiness.Tests.csproj", "{5B04408B-D672-4210-9A92-8F4CC937A81C}"
EndProject
Project("{FAE04EC0-301F-11D3-BF4B-00C04F79EFBC}") = "Infrastructure.Security.Tests", "Tests\Infrastructure.Security.Tests\Infrastructure.Security.Tests.csproj", "{B0543F81-5598-4E98-9F6C-5C415B47BAFA}"
EndProject
Project("{FAE04EC0-301F-11D3-BF4B-00C04F79EFBC}") = "Infrastructure.SqlServer.Tests", "Tests\Infrastructure.SqlServer.Tests\Infrastructure.SqlServer.Tests.csproj", "{EC97E8BF-FFA2-4659-A0B7-FBA6FECB9027}"
EndProject
Project("{FAE04EC0-301F-11D3-BF4B-00C04F79EFBC}") = "WebApi.Tests", "Tests\WebApi.Tests\WebApi.Tests.csproj", "{D63D3085-9ED9-42E9-927F-ABC095ABF71A}"
EndProject
Project("{2150E333-8FDC-42A3-9474-1A3956D46DE8}") = "Databases", "Databases", "{D4087261-0F6B-4CB3-B73C-A1A343442576}"
	ProjectSection(SolutionItems) = preProject
		Databases\01-DDL.sql = Databases\01-DDL.sql
		Databases\docker-compose.yml = Databases\docker-compose.yml
		Databases\README.md = Databases\README.md
	EndProjectSection
EndProject
Global
	GlobalSection(SolutionConfigurationPlatforms) = preSolution
		Debug|Any CPU = Debug|Any CPU
		Release|Any CPU = Release|Any CPU
	EndGlobalSection
	GlobalSection(ProjectConfigurationPlatforms) = postSolution
		{8D66BD0B-90C6-477F-B448-36369AC29F84}.Debug|Any CPU.ActiveCfg = Debug|Any CPU
		{8D66BD0B-90C6-477F-B448-36369AC29F84}.Debug|Any CPU.Build.0 = Debug|Any CPU
		{8D66BD0B-90C6-477F-B448-36369AC29F84}.Release|Any CPU.ActiveCfg = Release|Any CPU
		{8D66BD0B-90C6-477F-B448-36369AC29F84}.Release|Any CPU.Build.0 = Release|Any CPU
		{0DEAE6BA-2209-46DC-8292-6F89641AB38E}.Debug|Any CPU.ActiveCfg = Debug|Any CPU
		{0DEAE6BA-2209-46DC-8292-6F89641AB38E}.Debug|Any CPU.Build.0 = Debug|Any CPU
		{0DEAE6BA-2209-46DC-8292-6F89641AB38E}.Release|Any CPU.ActiveCfg = Release|Any CPU
		{0DEAE6BA-2209-46DC-8292-6F89641AB38E}.Release|Any CPU.Build.0 = Release|Any CPU
		{1FFB3920-724C-4DF1-B1ED-D004F3EA4887}.Debug|Any CPU.ActiveCfg = Debug|Any CPU
		{1FFB3920-724C-4DF1-B1ED-D004F3EA4887}.Debug|Any CPU.Build.0 = Debug|Any CPU
		{1FFB3920-724C-4DF1-B1ED-D004F3EA4887}.Release|Any CPU.ActiveCfg = Release|Any CPU
		{1FFB3920-724C-4DF1-B1ED-D004F3EA4887}.Release|Any CPU.Build.0 = Release|Any CPU
		{AA0393C0-5C11-4C07-84FF-C83F5E4C0BEC}.Debug|Any CPU.ActiveCfg = Debug|Any CPU
		{AA0393C0-5C11-4C07-84FF-C83F5E4C0BEC}.Debug|Any CPU.Build.0 = Debug|Any CPU
		{AA0393C0-5C11-4C07-84FF-C83F5E4C0BEC}.Release|Any CPU.ActiveCfg = Release|Any CPU
		{AA0393C0-5C11-4C07-84FF-C83F5E4C0BEC}.Release|Any CPU.Build.0 = Release|Any CPU
		{4557219E-CB5B-4C11-BD36-EF7C799EDF5A}.Debug|Any CPU.ActiveCfg = Debug|Any CPU
		{4557219E-CB5B-4C11-BD36-EF7C799EDF5A}.Debug|Any CPU.Build.0 = Debug|Any CPU
		{4557219E-CB5B-4C11-BD36-EF7C799EDF5A}.Release|Any CPU.ActiveCfg = Release|Any CPU
		{4557219E-CB5B-4C11-BD36-EF7C799EDF5A}.Release|Any CPU.Build.0 = Release|Any CPU
		{FD6AAE9A-F16E-4DCF-9096-505D37A1341E}.Debug|Any CPU.ActiveCfg = Debug|Any CPU
		{FD6AAE9A-F16E-4DCF-9096-505D37A1341E}.Debug|Any CPU.Build.0 = Debug|Any CPU
		{FD6AAE9A-F16E-4DCF-9096-505D37A1341E}.Release|Any CPU.ActiveCfg = Release|Any CPU
		{FD6AAE9A-F16E-4DCF-9096-505D37A1341E}.Release|Any CPU.Build.0 = Release|Any CPU
		{5B04408B-D672-4210-9A92-8F4CC937A81C}.Debug|Any CPU.ActiveCfg = Debug|Any CPU
		{5B04408B-D672-4210-9A92-8F4CC937A81C}.Debug|Any CPU.Build.0 = Debug|Any CPU
		{5B04408B-D672-4210-9A92-8F4CC937A81C}.Release|Any CPU.ActiveCfg = Release|Any CPU
		{5B04408B-D672-4210-9A92-8F4CC937A81C}.Release|Any CPU.Build.0 = Release|Any CPU
		{B0543F81-5598-4E98-9F6C-5C415B47BAFA}.Debug|Any CPU.ActiveCfg = Debug|Any CPU
		{B0543F81-5598-4E98-9F6C-5C415B47BAFA}.Debug|Any CPU.Build.0 = Debug|Any CPU
		{B0543F81-5598-4E98-9F6C-5C415B47BAFA}.Release|Any CPU.ActiveCfg = Release|Any CPU
		{B0543F81-5598-4E98-9F6C-5C415B47BAFA}.Release|Any CPU.Build.0 = Release|Any CPU
		{EC97E8BF-FFA2-4659-A0B7-FBA6FECB9027}.Debug|Any CPU.ActiveCfg = Debug|Any CPU
		{EC97E8BF-FFA2-4659-A0B7-FBA6FECB9027}.Debug|Any CPU.Build.0 = Debug|Any CPU
		{EC97E8BF-FFA2-4659-A0B7-FBA6FECB9027}.Release|Any CPU.ActiveCfg = Release|Any CPU
		{EC97E8BF-FFA2-4659-A0B7-FBA6FECB9027}.Release|Any CPU.Build.0 = Release|Any CPU
		{D63D3085-9ED9-42E9-927F-ABC095ABF71A}.Debug|Any CPU.ActiveCfg = Debug|Any CPU
		{D63D3085-9ED9-42E9-927F-ABC095ABF71A}.Debug|Any CPU.Build.0 = Debug|Any CPU
		{D63D3085-9ED9-42E9-927F-ABC095ABF71A}.Release|Any CPU.ActiveCfg = Release|Any CPU
		{D63D3085-9ED9-42E9-927F-ABC095ABF71A}.Release|Any CPU.Build.0 = Release|Any CPU
	EndGlobalSection
	GlobalSection(SolutionProperties) = preSolution
		HideSolutionNode = FALSE
	EndGlobalSection
	GlobalSection(NestedProjects) = preSolution
		{FD6AAE9A-F16E-4DCF-9096-505D37A1341E} = {B9E3033C-18E0-418D-A6C8-953F434B55A4}
		{5B04408B-D672-4210-9A92-8F4CC937A81C} = {B9E3033C-18E0-418D-A6C8-953F434B55A4}
		{B0543F81-5598-4E98-9F6C-5C415B47BAFA} = {B9E3033C-18E0-418D-A6C8-953F434B55A4}
		{EC97E8BF-FFA2-4659-A0B7-FBA6FECB9027} = {B9E3033C-18E0-418D-A6C8-953F434B55A4}
		{D63D3085-9ED9-42E9-927F-ABC095ABF71A} = {B9E3033C-18E0-418D-A6C8-953F434B55A4}
	EndGlobalSection
	GlobalSection(ExtensibilityGlobals) = postSolution
		SolutionGuid = {8376B390-9568-4F31-B710-086B4922ABC4}
	EndGlobalSection
EndGlobal
